// !$*UTF8*$!
{
	archiveVersion = 1;
	classes = {
	};
	objectVersion = 56;
	objects = {

/* Begin PBXBuildFile section */
		2B75B2612D1E821F008BDED2 /* Modal.swift in Sources */ = {isa = PBXBuildFile; fileRef = 2B75B2602D1E821F008BDED2 /* Modal.swift */; };
		2B75B2652D1E82D4008BDED2 /* MainView.swift in Sources */ = {isa = PBXBuildFile; fileRef = 2B75B2642D1E82D4008BDED2 /* MainView.swift */; };
		2B75B2672D1E8C21008BDED2 /* QuizBrain.swift in Sources */ = {isa = PBXBuildFile; fileRef = 2B75B2662D1E8C21008BDED2 /* QuizBrain.swift */; };
		2B75B26A2D1ECBC5008BDED2 /* Utils.swift in Sources */ = {isa = PBXBuildFile; fileRef = 2B75B2692D1ECBC5008BDED2 /* Utils.swift */; };
		2BF453C02D1C62C1008C0291 /* AppDelegate.swift in Sources */ = {isa = PBXBuildFile; fileRef = 2BF453BF2D1C62C1008C0291 /* AppDelegate.swift */; };
		2BF453C22D1C62C1008C0291 /* SceneDelegate.swift in Sources */ = {isa = PBXBuildFile; fileRef = 2BF453C12D1C62C1008C0291 /* SceneDelegate.swift */; };
		2BF453C42D1C62C1008C0291 /* ViewController.swift in Sources */ = {isa = PBXBuildFile; fileRef = 2BF453C32D1C62C1008C0291 /* ViewController.swift */; };
		2BF453C72D1C62C1008C0291 /* Main.storyboard in Resources */ = {isa = PBXBuildFile; fileRef = 2BF453C52D1C62C1008C0291 /* Main.storyboard */; };
		2BF453C92D1C62C3008C0291 /* Assets.xcassets in Resources */ = {isa = PBXBuildFile; fileRef = 2BF453C82D1C62C3008C0291 /* Assets.xcassets */; };
		2BF453CC2D1C62C3008C0291 /* LaunchScreen.storyboard in Resources */ = {isa = PBXBuildFile; fileRef = 2BF453CA2D1C62C3008C0291 /* LaunchScreen.storyboard */; };
/* End PBXBuildFile section */

/* Begin PBXFileReference section */
		2B75B2602D1E821F008BDED2 /* Modal.swift */ = {isa = PBXFileReference; lastKnownFileType = sourcecode.swift; path = Modal.swift; sourceTree = "<group>"; };
		2B75B2642D1E82D4008BDED2 /* MainView.swift */ = {isa = PBXFileReference; lastKnownFileType = sourcecode.swift; path = MainView.swift; sourceTree = "<group>"; };
		2B75B2662D1E8C21008BDED2 /* QuizBrain.swift */ = {isa = PBXFileReference; lastKnownFileType = sourcecode.swift; path = QuizBrain.swift; sourceTree = "<group>"; };
		2B75B2692D1ECBC5008BDED2 /* Utils.swift */ = {isa = PBXFileReference; lastKnownFileType = sourcecode.swift; path = Utils.swift; sourceTree = "<group>"; };
		2BF453BC2D1C62C1008C0291 /* Quizzer.app */ = {isa = PBXFileReference; explicitFileType = wrapper.application; includeInIndex = 0; path = Quizzer.app; sourceTree = BUILT_PRODUCTS_DIR; };
		2BF453BF2D1C62C1008C0291 /* AppDelegate.swift */ = {isa = PBXFileReference; lastKnownFileType = sourcecode.swift; path = AppDelegate.swift; sourceTree = "<group>"; };
		2BF453C12D1C62C1008C0291 /* SceneDelegate.swift */ = {isa = PBXFileReference; lastKnownFileType = sourcecode.swift; path = SceneDelegate.swift; sourceTree = "<group>"; };
		2BF453C32D1C62C1008C0291 /* ViewController.swift */ = {isa = PBXFileReference; lastKnownFileType = sourcecode.swift; path = ViewController.swift; sourceTree = "<group>"; };
		2BF453C62D1C62C1008C0291 /* Base */ = {isa = PBXFileReference; lastKnownFileType = file.storyboard; name = Base; path = Base.lproj/Main.storyboard; sourceTree = "<group>"; };
		2BF453C82D1C62C3008C0291 /* Assets.xcassets */ = {isa = PBXFileReference; lastKnownFileType = folder.assetcatalog; path = Assets.xcassets; sourceTree = "<group>"; };
		2BF453CB2D1C62C3008C0291 /* Base */ = {isa = PBXFileReference; lastKnownFileType = file.storyboard; name = Base; path = Base.lproj/LaunchScreen.storyboard; sourceTree = "<group>"; };
		2BF453CD2D1C62C3008C0291 /* Info.plist */ = {isa = PBXFileReference; lastKnownFileType = text.plist.xml; path = Info.plist; sourceTree = "<group>"; };
/* End PBXFileReference section */

/* Begin PBXFrameworksBuildPhase section */
		2BF453B92D1C62C1008C0291 /* Frameworks */ = {
			isa = PBXFrameworksBuildPhase;
			buildActionMask = 2147483647;
			files = (
			);
			runOnlyForDeploymentPostprocessing = 0;
		};
/* End PBXFrameworksBuildPhase section */

/* Begin PBXGroup section */
		2B75B25F2D1E8201008BDED2 /* Modal */ = {
			isa = PBXGroup;
			children = (
				2B75B2602D1E821F008BDED2 /* Modal.swift */,
				2B75B2662D1E8C21008BDED2 /* QuizBrain.swift */,
			);
			path = Modal;
			sourceTree = "<group>";
		};
		2B75B2622D1E8271008BDED2 /* View */ = {
			isa = PBXGroup;
			children = (
				2B75B2642D1E82D4008BDED2 /* MainView.swift */,
			);
			path = View;
			sourceTree = "<group>";
		};
		2B75B2632D1E827C008BDED2 /* Controller */ = {
			isa = PBXGroup;
			children = (
				2BF453C32D1C62C1008C0291 /* ViewController.swift */,
			);
			path = Controller;
			sourceTree = "<group>";
		};
		2B75B2682D1ECBAD008BDED2 /* Utils */ = {
			isa = PBXGroup;
			children = (
				2B75B2692D1ECBC5008BDED2 /* Utils.swift */,
			);
			path = Utils;
			sourceTree = "<group>";
		};
		2BF453B32D1C62C1008C0291 = {
			isa = PBXGroup;
			children = (
				2BF453BE2D1C62C1008C0291 /* Quizzer */,
				2BF453BD2D1C62C1008C0291 /* Products */,
			);
			sourceTree = "<group>";
		};
		2BF453BD2D1C62C1008C0291 /* Products */ = {
			isa = PBXGroup;
			children = (
				2BF453BC2D1C62C1008C0291 /* Quizzer.app */,
			);
			name = Products;
			sourceTree = "<group>";
		};
		2BF453BE2D1C62C1008C0291 /* Quizzer */ = {
			isa = PBXGroup;
			children = (
				2B75B2682D1ECBAD008BDED2 /* Utils */,
				2B75B25F2D1E8201008BDED2 /* Modal */,
				2B75B2622D1E8271008BDED2 /* View */,
				2B75B2632D1E827C008BDED2 /* Controller */,
				2BF453BF2D1C62C1008C0291 /* AppDelegate.swift */,
				2BF453C12D1C62C1008C0291 /* SceneDelegate.swift */,
				2BF453C52D1C62C1008C0291 /* Main.storyboard */,
				2BF453C82D1C62C3008C0291 /* Assets.xcassets */,
				2BF453CA2D1C62C3008C0291 /* LaunchScreen.storyboard */,
				2BF453CD2D1C62C3008C0291 /* Info.plist */,
			);
			path = Quizzer;
			sourceTree = "<group>";
		};
/* End PBXGroup section */

/* Begin PBXNativeTarget section */
		2BF453BB2D1C62C1008C0291 /* Quizzer */ = {
			isa = PBXNativeTarget;
			buildConfigurationList = 2BF453D02D1C62C3008C0291 /* Build configuration list for PBXNativeTarget "Quizzer" */;
			buildPhases = (
				2BF453B82D1C62C1008C0291 /* Sources */,
				2BF453B92D1C62C1008C0291 /* Frameworks */,
				2BF453BA2D1C62C1008C0291 /* Resources */,
			);
			buildRules = (
			);
			dependencies = (
			);
			name = Quizzer;
			productName = Quizzer;
			productReference = 2BF453BC2D1C62C1008C0291 /* Quizzer.app */;
			productType = "com.apple.product-type.application";
		};
/* End PBXNativeTarget section */

/* Begin PBXProject section */
		2BF453B42D1C62C1008C0291 /* Project object */ = {
			isa = PBXProject;
			attributes = {
				BuildIndependentTargetsInParallel = 1;
				LastSwiftUpdateCheck = 1520;
				LastUpgradeCheck = 1520;
				TargetAttributes = {
					2BF453BB2D1C62C1008C0291 = {
						CreatedOnToolsVersion = 15.2;
					};
				};
			};
			buildConfigurationList = 2BF453B72D1C62C1008C0291 /* Build configuration list for PBXProject "Quizzer" */;
			compatibilityVersion = "Xcode 14.0";
			developmentRegion = en;
			hasScannedForEncodings = 0;
			knownRegions = (
				en,
				Base,
			);
			mainGroup = 2BF453B32D1C62C1008C0291;
			productRefGroup = 2BF453BD2D1C62C1008C0291 /* Products */;
			projectDirPath = "";
			projectRoot = "";
			targets = (
				2BF453BB2D1C62C1008C0291 /* Quizzer */,
			);
		};
/* End PBXProject section */

/* Begin PBXResourcesBuildPhase section */
		2BF453BA2D1C62C1008C0291 /* Resources */ = {
			isa = PBXResourcesBuildPhase;
			buildActionMask = 2147483647;
			files = (
				2BF453CC2D1C62C3008C0291 /* LaunchScreen.storyboard in Resources */,
				2BF453C92D1C62C3008C0291 /* Assets.xcassets in Resources */,
				2BF453C72D1C62C1008C0291 /* Main.storyboard in Resources */,
			);
			runOnlyForDeploymentPostprocessing = 0;
		};
/* End PBXResourcesBuildPhase section */

/* Begin PBXSourcesBuildPhase section */
		2BF453B82D1C62C1008C0291 /* Sources */ = {
			isa = PBXSourcesBuildPhase;
			buildActionMask = 2147483647;
			files = (
				2BF453C42D1C62C1008C0291 /* ViewController.swift in Sources */,
				2BF453C02D1C62C1008C0291 /* AppDelegate.swift in Sources */,
				2BF453C22D1C62C1008C0291 /* SceneDelegate.swift in Sources */,
				2B75B2672D1E8C21008BDED2 /* QuizBrain.swift in Sources */,
				2B75B2652D1E82D4008BDED2 /* MainView.swift in Sources */,
				2B75B26A2D1ECBC5008BDED2 /* Utils.swift in Sources */,
				2B75B2612D1E821F008BDED2 /* Modal.swift in Sources */,
			);
			runOnlyForDeploymentPostprocessing = 0;
		};
/* End PBXSourcesBuildPhase section */

/* Begin PBXVariantGroup section */
		2BF453C52D1C62C1008C0291 /* Main.storyboard */ = {
			isa = PBXVariantGroup;
			children = (
				2BF453C62D1C62C1008C0291 /* Base */,
			);
			name = Main.storyboard;
			sourceTree = "<group>";
		};
		2BF453CA2D1C62C3008C0291 /* LaunchScreen.storyboard */ = {
			isa = PBXVariantGroup;
			children = (
				2BF453CB2D1C62C3008C0291 /* Base */,
			);
			name = LaunchScreen.storyboard;
			sourceTree = "<group>";
		};
/* End PBXVariantGroup section */

/* Begin XCBuildConfiguration section */
		2BF453CE2D1C62C3008C0291 /* Debug */ = {
			isa = XCBuildConfiguration;
			buildSettings = {
				ALWAYS_SEARCH_USER_PATHS = NO;
				ASSETCATALOG_COMPILER_GENERATE_SWIFT_ASSET_SYMBOL_EXTENSIONS = YES;
				CLANG_ANALYZER_NONNULL = YES;
				CLANG_ANALYZER_NUMBER_OBJECT_CONVERSION = YES_AGGRESSIVE;
				CLANG_CXX_LANGUAGE_STANDARD = "gnu++20";
				CLANG_ENABLE_MODULES = YES;
				CLANG_ENABLE_OBJC_ARC = YES;
				CLANG_ENABLE_OBJC_WEAK = YES;
				CLANG_WARN_BLOCK_CAPTURE_AUTORELEASING = YES;
				CLANG_WARN_BOOL_CONVERSION = YES;
				CLANG_WARN_COMMA = YES;
				CLANG_WARN_CONSTANT_CONVERSION = YES;
				CLANG_WARN_DEPRECATED_OBJC_IMPLEMENTATIONS = YES;
				CLANG_WARN_DIRECT_OBJC_ISA_USAGE = YES_ERROR;
				CLANG_WARN_DOCUMENTATION_COMMENTS = YES;
				CLANG_WARN_EMPTY_BODY = YES;
				CLANG_WARN_ENUM_CONVERSION = YES;
				CLANG_WARN_INFINITE_RECURSION = YES;
				CLANG_WARN_INT_CONVERSION = YES;
				CLANG_WARN_NON_LITERAL_NULL_CONVERSION = YES;
				CLANG_WARN_OBJC_IMPLICIT_RETAIN_SELF = YES;
				CLANG_WARN_OBJC_LITERAL_CONVERSION = YES;
				CLANG_WARN_OBJC_ROOT_CLASS = YES_ERROR;
				CLANG_WARN_QUOTED_INCLUDE_IN_FRAMEWORK_HEADER = YES;
				CLANG_WARN_RANGE_LOOP_ANALYSIS = YES;
				CLANG_WARN_STRICT_PROTOTYPES = YES;
				CLANG_WARN_SUSPICIOUS_MOVE = YES;
				CLANG_WARN_UNGUARDED_AVAILABILITY = YES_AGGRESSIVE;
				CLANG_WARN_UNREACHABLE_CODE = YES;
				CLANG_WARN__DUPLICATE_METHOD_MATCH = YES;
				COPY_PHASE_STRIP = NO;
				DEBUG_INFORMATION_FORMAT = dwarf;
				ENABLE_STRICT_OBJC_MSGSEND = YES;
				ENABLE_TESTABILITY = YES;
				ENABLE_USER_SCRIPT_SANDBOXING = YES;
				GCC_C_LANGUAGE_STANDARD = gnu17;
				GCC_DYNAMIC_NO_PIC = NO;
				GCC_NO_COMMON_BLOCKS = YES;
				GCC_OPTIMIZATION_LEVEL = 0;
				GCC_PREPROCESSOR_DEFINITIONS = (
					"DEBUG=1",
					"$(inherited)",
				);
				GCC_WARN_64_TO_32_BIT_CONVERSION = YES;
				GCC_WARN_ABOUT_RETURN_TYPE = YES_ERROR;
				GCC_WARN_UNDECLARED_SELECTOR = YES;
				GCC_WARN_UNINITIALIZED_AUTOS = YES_AGGRESSIVE;
				GCC_WARN_UNUSED_FUNCTION = YES;
				GCC_WARN_UNUSED_VARIABLE = YES;
				IPHONEOS_DEPLOYMENT_TARGET = 17.2;
				LOCALIZATION_PREFERS_STRING_CATALOGS = YES;
				MTL_ENABLE_DEBUG_INFO = INCLUDE_SOURCE;
				MTL_FAST_MATH = YES;
				ONLY_ACTIVE_ARCH = YES;
				SDKROOT = iphoneos;
				SWIFT_ACTIVE_COMPILATION_CONDITIONS = "DEBUG $(inherited)";
				SWIFT_OPTIMIZATION_LEVEL = "-Onone";
			};
			name = Debug;
		};
		2BF453CF2D1C62C3008C0291 /* Release */ = {
			isa = XCBuildConfiguration;
			buildSettings = {
				ALWAYS_SEARCH_USER_PATHS = NO;
				ASSETCATALOG_COMPILER_GENERATE_SWIFT_ASSET_SYMBOL_EXTENSIONS = YES;
				CLANG_ANALYZER_NONNULL = YES;
				CLANG_ANALYZER_NUMBER_OBJECT_CONVERSION = YES_AGGRESSIVE;
				CLANG_CXX_LANGUAGE_STANDARD = "gnu++20";
				CLANG_ENABLE_MODULES = YES;
				CLANG_ENABLE_OBJC_ARC = YES;
				CLANG_ENABLE_OBJC_WEAK = YES;
				CLANG_WARN_BLOCK_CAPTURE_AUTORELEASING = YES;
				CLANG_WARN_BOOL_CONVERSION = YES;
				CLANG_WARN_COMMA = YES;
				CLANG_WARN_CONSTANT_CONVERSION = YES;
				CLANG_WARN_DEPRECATED_OBJC_IMPLEMENTATIONS = YES;
				CLANG_WARN_DIRECT_OBJC_ISA_USAGE = YES_ERROR;
				CLANG_WARN_DOCUMENTATION_COMMENTS = YES;
				CLANG_WARN_EMPTY_BODY = YES;
				CLANG_WARN_ENUM_CONVERSION = YES;
				CLANG_WARN_INFINITE_RECURSION = YES;
				CLANG_WARN_INT_CONVERSION = YES;
				CLANG_WARN_NON_LITERAL_NULL_CONVERSION = YES;
				CLANG_WARN_OBJC_IMPLICIT_RETAIN_SELF = YES;
				CLANG_WARN_OBJC_LITERAL_CONVERSION = YES;
				CLANG_WARN_OBJC_ROOT_CLASS = YES_ERROR;
				CLANG_WARN_QUOTED_INCLUDE_IN_FRAMEWORK_HEADER = YES;
				CLANG_WARN_RANGE_LOOP_ANALYSIS = YES;
				CLANG_WARN_STRICT_PROTOTYPES = YES;
				CLANG_WARN_SUSPICIOUS_MOVE = YES;
				CLANG_WARN_UNGUARDED_AVAILABILITY = YES_AGGRESSIVE;
				CLANG_WARN_UNREACHABLE_CODE = YES;
				CLANG_WARN__DUPLICATE_METHOD_MATCH = YES;
				COPY_PHASE_STRIP = NO;
				DEBUG_INFORMATION_FORMAT = "dwarf-with-dsym";
				ENABLE_NS_ASSERTIONS = NO;
				ENABLE_STRICT_OBJC_MSGSEND = YES;
				ENABLE_USER_SCRIPT_SANDBOXING = YES;
				GCC_C_LANGUAGE_STANDARD = gnu17;
				GCC_NO_COMMON_BLOCKS = YES;
				GCC_WARN_64_TO_32_BIT_CONVERSION = YES;
				GCC_WARN_ABOUT_RETURN_TYPE = YES_ERROR;
				GCC_WARN_UNDECLARED_SELECTOR = YES;
				GCC_WARN_UNINITIALIZED_AUTOS = YES_AGGRESSIVE;
				GCC_WARN_UNUSED_FUNCTION = YES;
				GCC_WARN_UNUSED_VARIABLE = YES;
				IPHONEOS_DEPLOYMENT_TARGET = 17.2;
				LOCALIZATION_PREFERS_STRING_CATALOGS = YES;
				MTL_ENABLE_DEBUG_INFO = NO;
				MTL_FAST_MATH = YES;
				SDKROOT = iphoneos;
				SWIFT_COMPILATION_MODE = wholemodule;
				VALIDATE_PRODUCT = YES;
			};
			name = Release;
		};
		2BF453D12D1C62C3008C0291 /* Debug */ = {
			isa = XCBuildConfiguration;
			buildSettings = {
				ASSETCATALOG_COMPILER_APPICON_NAME = AppIcon;
				ASSETCATALOG_COMPILER_GLOBAL_ACCENT_COLOR_NAME = AccentColor;
				CODE_SIGN_STYLE = Automatic;
				CURRENT_PROJECT_VERSION = 1;
				DEVELOPMENT_TEAM = BN5BV8875R;
				GENERATE_INFOPLIST_FILE = YES;
				INFOPLIST_FILE = Quizzer/Info.plist;
				INFOPLIST_KEY_UIApplicationSupportsIndirectInputEvents = YES;
				INFOPLIST_KEY_UILaunchStoryboardName = LaunchScreen;
				INFOPLIST_KEY_UIMainStoryboardFile = Main;
				INFOPLIST_KEY_UISupportedInterfaceOrientations_iPad = "UIInterfaceOrientationPortrait UIInterfaceOrientationPortraitUpsideDown UIInterfaceOrientationLandscapeLeft UIInterfaceOrientationLandscapeRight";
				INFOPLIST_KEY_UISupportedInterfaceOrientations_iPhone = "UIInterfaceOrientationPortrait UIInterfaceOrientationLandscapeLeft UIInterfaceOrientationLandscapeRight";
				LD_RUNPATH_SEARCH_PATHS = (
					"$(inherited)",
					"@executable_path/Frameworks",
				);
				MARKETING_VERSION = 1.0;
				PRODUCT_BUNDLE_IDENTIFIER = com.selflearn.Quizzer;
				PRODUCT_NAME = "$(TARGET_NAME)";
				SWIFT_EMIT_LOC_STRINGS = YES;
				SWIFT_VERSION = 5.0;
				TARGETED_DEVICE_FAMILY = "1,2";
			};
			name = Debug;
		};
		2BF453D22D1C62C3008C0291 /* Release */ = {
			isa = XCBuildConfiguration;
			buildSettings = {
				ASSETCATALOG_COMPILER_APPICON_NAME = AppIcon;
				ASSETCATALOG_COMPILER_GLOBAL_ACCENT_COLOR_NAME = AccentColor;
				CODE_SIGN_STYLE = Automatic;
				CURRENT_PROJECT_VERSION = 1;
				DEVELOPMENT_TEAM = BN5BV8875R;
				GENERATE_INFOPLIST_FILE = YES;
				INFOPLIST_FILE = Quizzer/Info.plist;
				INFOPLIST_KEY_UIApplicationSupportsIndirectInputEvents = YES;
				INFOPLIST_KEY_UILaunchStoryboardName = LaunchScreen;
				INFOPLIST_KEY_UIMainStoryboardFile = Main;
				INFOPLIST_KEY_UISupportedInterfaceOrientations_iPad = "UIInterfaceOrientationPortrait UIInterfaceOrientationPortraitUpsideDown UIInterfaceOrientationLandscapeLeft UIInterfaceOrientationLandscapeRight";
				INFOPLIST_KEY_UISupportedInterfaceOrientations_iPhone = "UIInterfaceOrientationPortrait UIInterfaceOrientationLandscapeLeft UIInterfaceOrientationLandscapeRight";
				LD_RUNPATH_SEARCH_PATHS = (
					"$(inherited)",
					"@executable_path/Frameworks",
				);
				MARKETING_VERSION = 1.0;
				PRODUCT_BUNDLE_IDENTIFIER = com.selflearn.Quizzer;
				PRODUCT_NAME = "$(TARGET_NAME)";
				SWIFT_EMIT_LOC_STRINGS = YES;
				SWIFT_VERSION = 5.0;
				TARGETED_DEVICE_FAMILY = "1,2";
			};
			name = Release;
		};
/* End XCBuildConfiguration section */

/* Begin XCConfigurationList section */
		2BF453B72D1C62C1008C0291 /* Build configuration list for PBXProject "Quizzer" */ = {
			isa = XCConfigurationList;
			buildConfigurations = (
				2BF453CE2D1C62C3008C0291 /* Debug */,
				2BF453CF2D1C62C3008C0291 /* Release */,
			);
			defaultConfigurationIsVisible = 0;
			defaultConfigurationName = Release;
		};
		2BF453D02D1C62C3008C0291 /* Build configuration list for PBXNativeTarget "Quizzer" */ = {
			isa = XCConfigurationList;
			buildConfigurations = (
				2BF453D12D1C62C3008C0291 /* Debug */,
				2BF453D22D1C62C3008C0291 /* Release */,
			);
			defaultConfigurationIsVisible = 0;
			defaultConfigurationName = Release;
		};
/* End XCConfigurationList section */
	};
	rootObject = 2BF453B42D1C62C1008C0291 /* Project object */;
}
